
Microsoft Visual Studio Solution File, Format Version 12.00
# Visual Studio 14
VisualStudioVersion = 14.0.25420.1
MinimumVisualStudioVersion = 10.0.40219.1
Project("{8BC9CEB8-8B4A-11D0-8D11-00A0C91BC942}") = "HelloWindow", "LearnOpenGL.vcxproj", "{B693AE3C-2325-42EB-8313-7C4933B1C7CA}"
EndProject
Project("{8BC9CEB8-8B4A-11D0-8D11-00A0C91BC942}") = "Lighting", "Lighting\Lighting.vcxproj", "{B7033263-F807-4176-AA7B-F72823C2A111}"
EndProject
Project("{8BC9CEB8-8B4A-11D0-8D11-00A0C91BC942}") = "Common", "Common\Common.vcxproj", "{00A028F4-E6C9-4E45-A4C1-432E7815BF92}"
EndProject
Project("{8BC9CEB8-8B4A-11D0-8D11-00A0C91BC942}") = "CubeTextures", "..\CubeTextures\CubeTextures.vcxproj", "{21FEED92-47C0-4EE4-BDB7-6D2C4FE9DF60}"
EndProject
Project("{8BC9CEB8-8B4A-11D0-8D11-00A0C91BC942}") = "Shadow", "..\Shadow\Shadow.vcxproj", "{53412016-B9AE-4555-9F25-90FC58220551}"
EndProject
Project("{8BC9CEB8-8B4A-11D0-8D11-00A0C91BC942}") = "DelayRender", "..\DelayRender\DelayRender.vcxproj", "{DB662605-F59A-4259-9A23-A7DEEC995FF4}"
EndProject
Project("{8BC9CEB8-8B4A-11D0-8D11-00A0C91BC942}") = "Instancing", "..\Instancing\Instancing.vcxproj", "{C2E782AE-3DCB-4B78-9166-050BE6334DA2}"
EndProject
Global
	GlobalSection(SolutionConfigurationPlatforms) = preSolution
		Debug|x64 = Debug|x64
		Debug|x86 = Debug|x86
		Release|x64 = Release|x64
		Release|x86 = Release|x86
	EndGlobalSection
	GlobalSection(ProjectConfigurationPlatforms) = postSolution
		{B693AE3C-2325-42EB-8313-7C4933B1C7CA}.Debug|x64.ActiveCfg = Debug|x64
		{B693AE3C-2325-42EB-8313-7C4933B1C7CA}.Debug|x64.Build.0 = Debug|x64
		{B693AE3C-2325-42EB-8313-7C4933B1C7CA}.Debug|x86.ActiveCfg = Debug|Win32
		{B693AE3C-2325-42EB-8313-7C4933B1C7CA}.Debug|x86.Build.0 = Debug|Win32
		{B693AE3C-2325-42EB-8313-7C4933B1C7CA}.Release|x64.ActiveCfg = Release|x64
		{B693AE3C-2325-42EB-8313-7C4933B1C7CA}.Release|x64.Build.0 = Release|x64
		{B693AE3C-2325-42EB-8313-7C4933B1C7CA}.Release|x86.ActiveCfg = Release|Win32
		{B693AE3C-2325-42EB-8313-7C4933B1C7CA}.Release|x86.Build.0 = Release|Win32
		{B7033263-F807-4176-AA7B-F72823C2A111}.Debug|x64.ActiveCfg = Debug|x64
		{B7033263-F807-4176-AA7B-F72823C2A111}.Debug|x64.Build.0 = Debug|x64
		{B7033263-F807-4176-AA7B-F72823C2A111}.Debug|x86.ActiveCfg = Debug|Win32
		{B7033263-F807-4176-AA7B-F72823C2A111}.Debug|x86.Build.0 = Debug|Win32
		{B7033263-F807-4176-AA7B-F72823C2A111}.Release|x64.ActiveCfg = Release|x64
		{B7033263-F807-4176-AA7B-F72823C2A111}.Release|x64.Build.0 = Release|x64
		{B7033263-F807-4176-AA7B-F72823C2A111}.Release|x86.ActiveCfg = Release|Win32
		{B7033263-F807-4176-AA7B-F72823C2A111}.Release|x86.Build.0 = Release|Win32
		{00A028F4-E6C9-4E45-A4C1-432E7815BF92}.Debug|x64.ActiveCfg = Debug|x64
		{00A028F4-E6C9-4E45-A4C1-432E7815BF92}.Debug|x64.Build.0 = Debug|x64
		{00A028F4-E6C9-4E45-A4C1-432E7815BF92}.Debug|x86.ActiveCfg = Debug|Win32
		{00A028F4-E6C9-4E45-A4C1-432E7815BF92}.Debug|x86.Build.0 = Debug|Win32
		{00A028F4-E6C9-4E45-A4C1-432E7815BF92}.Release|x64.ActiveCfg = Release|x64
		{00A028F4-E6C9-4E45-A4C1-432E7815BF92}.Release|x64.Build.0 = Release|x64
		{00A028F4-E6C9-4E45-A4C1-432E7815BF92}.Release|x86.ActiveCfg = Release|Win32
		{00A028F4-E6C9-4E45-A4C1-432E7815BF92}.Release|x86.Build.0 = Release|Win32
		{21FEED92-47C0-4EE4-BDB7-6D2C4FE9DF60}.Debug|x64.ActiveCfg = Debug|x64
		{21FEED92-47C0-4EE4-BDB7-6D2C4FE9DF60}.Debug|x64.Build.0 = Debug|x64
		{21FEED92-47C0-4EE4-BDB7-6D2C4FE9DF60}.Debug|x86.ActiveCfg = Debug|Win32
		{21FEED92-47C0-4EE4-BDB7-6D2C4FE9DF60}.Debug|x86.Build.0 = Debug|Win32
		{21FEED92-47C0-4EE4-BDB7-6D2C4FE9DF60}.Release|x64.ActiveCfg = Release|x64
		{21FEED92-47C0-4EE4-BDB7-6D2C4FE9DF60}.Release|x64.Build.0 = Release|x64
		{21FEED92-47C0-4EE4-BDB7-6D2C4FE9DF60}.Release|x86.ActiveCfg = Release|Win32
		{21FEED92-47C0-4EE4-BDB7-6D2C4FE9DF60}.Release|x86.Build.0 = Release|Win32
		{53412016-B9AE-4555-9F25-90FC58220551}.Debug|x64.ActiveCfg = Debug|x64
		{53412016-B9AE-4555-9F25-90FC58220551}.Debug|x64.Build.0 = Debug|x64
		{53412016-B9AE-4555-9F25-90FC58220551}.Debug|x86.ActiveCfg = Debug|Win32
		{53412016-B9AE-4555-9F25-90FC58220551}.Debug|x86.Build.0 = Debug|Win32
		{53412016-B9AE-4555-9F25-90FC58220551}.Release|x64.ActiveCfg = Release|x64
		{53412016-B9AE-4555-9F25-90FC58220551}.Release|x64.Build.0 = Release|x64
		{53412016-B9AE-4555-9F25-90FC58220551}.Release|x86.ActiveCfg = Release|Win32
		{53412016-B9AE-4555-9F25-90FC58220551}.Release|x86.Build.0 = Release|Win32
		{DB662605-F59A-4259-9A23-A7DEEC995FF4}.Debug|x64.ActiveCfg = Debug|x64
		{DB662605-F59A-4259-9A23-A7DEEC995FF4}.Debug|x64.Build.0 = Debug|x64
		{DB662605-F59A-4259-9A23-A7DEEC995FF4}.Debug|x86.ActiveCfg = Debug|Win32
		{DB662605-F59A-4259-9A23-A7DEEC995FF4}.Debug|x86.Build.0 = Debug|Win32
		{DB662605-F59A-4259-9A23-A7DEEC995FF4}.Release|x64.ActiveCfg = Release|x64
		{DB662605-F59A-4259-9A23-A7DEEC995FF4}.Release|x64.Build.0 = Release|x64
		{DB662605-F59A-4259-9A23-A7DEEC995FF4}.Release|x86.ActiveCfg = Release|Win32
		{DB662605-F59A-4259-9A23-A7DEEC995FF4}.Release|x86.Build.0 = Release|Win32
		{C2E782AE-3DCB-4B78-9166-050BE6334DA2}.Debug|x64.ActiveCfg = Debug|x64
		{C2E782AE-3DCB-4B78-9166-050BE6334DA2}.Debug|x64.Build.0 = Debug|x64
		{C2E782AE-3DCB-4B78-9166-050BE6334DA2}.Debug|x86.ActiveCfg = Debug|Win32
		{C2E782AE-3DCB-4B78-9166-050BE6334DA2}.Debug|x86.Build.0 = Debug|Win32
		{C2E782AE-3DCB-4B78-9166-050BE6334DA2}.Release|x64.ActiveCfg = Release|x64
		{C2E782AE-3DCB-4B78-9166-050BE6334DA2}.Release|x64.Build.0 = Release|x64
		{C2E782AE-3DCB-4B78-9166-050BE6334DA2}.Release|x86.ActiveCfg = Release|Win32
		{C2E782AE-3DCB-4B78-9166-050BE6334DA2}.Release|x86.Build.0 = Release|Win32
	EndGlobalSection
	GlobalSection(SolutionProperties) = preSolution
		HideSolutionNode = FALSE
	EndGlobalSection
EndGlobal
